Microsoft Visual Studio Solution File, Format Version 11.00
# Visual Studio 2008

Project("{3899DCBA-B79F-92AF-727C-2190BBD8ABC5}") = "ninja", "Assembly-CSharp-firstpass.csproj", "{5582DE75-2754-C84C-CB69-D4B341431BB4}"
EndProject
Project("{3899DCBA-B79F-92AF-727C-2190BBD8ABC5}") = "ninja", "Assembly-CSharp.csproj", "{E2908E8D-FAF7-80EA-11D5-F6936108F80E}"
EndProject
Project("{3899DCBA-B79F-92AF-727C-2190BBD8ABC5}") = "ninja", "Assembly-CSharp-Editor.csproj", "{A4F6C9EF-A018-06B8-5F7F-C4D934544216}"
EndProject
Global
	GlobalSection(SolutionConfigurationPlatforms) = preSolution
		Debug|Any CPU = Debug|Any CPU
		Release|Any CPU = Release|Any CPU
	EndGlobalSection
	GlobalSection(ProjectConfigurationPlatforms) = postSolution
		{5582DE75-2754-C84C-CB69-D4B341431BB4}.Debug|Any CPU.ActiveCfg = Debug|Any CPU
		{5582DE75-2754-C84C-CB69-D4B341431BB4}.Debug|Any CPU.Build.0 = Debug|Any CPU
		{5582DE75-2754-C84C-CB69-D4B341431BB4}.Release|Any CPU.ActiveCfg = Release|Any CPU
		{5582DE75-2754-C84C-CB69-D4B341431BB4}.Release|Any CPU.Build.0 = Release|Any CPU
		{E2908E8D-FAF7-80EA-11D5-F6936108F80E}.Debug|Any CPU.ActiveCfg = Debug|Any CPU
		{E2908E8D-FAF7-80EA-11D5-F6936108F80E}.Debug|Any CPU.Build.0 = Debug|Any CPU
		{E2908E8D-FAF7-80EA-11D5-F6936108F80E}.Release|Any CPU.ActiveCfg = Release|Any CPU
		{E2908E8D-FAF7-80EA-11D5-F6936108F80E}.Release|Any CPU.Build.0 = Release|Any CPU
		{A4F6C9EF-A018-06B8-5F7F-C4D934544216}.Debug|Any CPU.ActiveCfg = Debug|Any CPU
		{A4F6C9EF-A018-06B8-5F7F-C4D934544216}.Debug|Any CPU.Build.0 = Debug|Any CPU
		{A4F6C9EF-A018-06B8-5F7F-C4D934544216}.Release|Any CPU.ActiveCfg = Release|Any CPU
		{A4F6C9EF-A018-06B8-5F7F-C4D934544216}.Release|Any CPU.Build.0 = Release|Any CPU
	EndGlobalSection
	GlobalSection(SolutionProperties) = preSolution
		HideSolutionNode = FALSE
	EndGlobalSection
	GlobalSection(MonoDevelopProperties) = preSolution
		StartupItem = Assembly-CSharp.csproj
	EndGlobalSection
EndGlobal
